
Microsoft Visual Studio Solution File, Format Version 12.00
# Visual Studio 15
VisualStudioVersion = 15.0.27004.2008
MinimumVisualStudioVersion = 10.0.40219.1
Project("{9A19103F-16F7-4668-BE54-9A1E7A4F7556}") = "FileParser.App", "FileParser.App\FileParser.App.csproj", "{2148FDCC-7395-4DBA-842A-7DBC232F327A}"
EndProject
Project("{9A19103F-16F7-4668-BE54-9A1E7A4F7556}") = "FileParser.Api", "FileParser.Api\FileParser.Api.csproj", "{8CEF1ADB-0EFA-43E6-8F95-31B29EFEEC9C}"
EndProject
Project("{9A19103F-16F7-4668-BE54-9A1E7A4F7556}") = "FileParser.Code", "FileParser.Code\FileParser.Code.csproj", "{D6EBF014-A40C-4E7D-9A38-A6DE43334690}"
EndProject
Project("{FAE04EC0-301F-11D3-BF4B-00C04F79EFBC}") = "FileParser.Test", "FileParser.Test\FileParser.Test.csproj", "{C0DC334C-20B0-44B6-8237-A4B909A2151D}"
EndProject
Global
	GlobalSection(SolutionConfigurationPlatforms) = preSolution
		Debug|Any CPU = Debug|Any CPU
		Release|Any CPU = Release|Any CPU
	EndGlobalSection
	GlobalSection(ProjectConfigurationPlatforms) = postSolution
		{2148FDCC-7395-4DBA-842A-7DBC232F327A}.Debug|Any CPU.ActiveCfg = Debug|Any CPU
		{2148FDCC-7395-4DBA-842A-7DBC232F327A}.Debug|Any CPU.Build.0 = Debug|Any CPU
		{2148FDCC-7395-4DBA-842A-7DBC232F327A}.Release|Any CPU.ActiveCfg = Release|Any CPU
		{2148FDCC-7395-4DBA-842A-7DBC232F327A}.Release|Any CPU.Build.0 = Release|Any CPU
		{8CEF1ADB-0EFA-43E6-8F95-31B29EFEEC9C}.Debug|Any CPU.ActiveCfg = Debug|Any CPU
		{8CEF1ADB-0EFA-43E6-8F95-31B29EFEEC9C}.Debug|Any CPU.Build.0 = Debug|Any CPU
		{8CEF1ADB-0EFA-43E6-8F95-31B29EFEEC9C}.Release|Any CPU.ActiveCfg = Release|Any CPU
		{8CEF1ADB-0EFA-43E6-8F95-31B29EFEEC9C}.Release|Any CPU.Build.0 = Release|Any CPU
		{D6EBF014-A40C-4E7D-9A38-A6DE43334690}.Debug|Any CPU.ActiveCfg = Debug|Any CPU
		{D6EBF014-A40C-4E7D-9A38-A6DE43334690}.Debug|Any CPU.Build.0 = Debug|Any CPU
		{D6EBF014-A40C-4E7D-9A38-A6DE43334690}.Release|Any CPU.ActiveCfg = Release|Any CPU
		{D6EBF014-A40C-4E7D-9A38-A6DE43334690}.Release|Any CPU.Build.0 = Release|Any CPU
		{C0DC334C-20B0-44B6-8237-A4B909A2151D}.Debug|Any CPU.ActiveCfg = Debug|Any CPU
		{C0DC334C-20B0-44B6-8237-A4B909A2151D}.Debug|Any CPU.Build.0 = Debug|Any CPU
		{C0DC334C-20B0-44B6-8237-A4B909A2151D}.Release|Any CPU.ActiveCfg = Release|Any CPU
		{C0DC334C-20B0-44B6-8237-A4B909A2151D}.Release|Any CPU.Build.0 = Release|Any CPU
	EndGlobalSection
	GlobalSection(SolutionProperties) = preSolution
		HideSolutionNode = FALSE
	EndGlobalSection
	GlobalSection(ExtensibilityGlobals) = postSolution
		SolutionGuid = {CCB3B697-E5E4-4208-AAB1-367FE8E7F60C}
	EndGlobalSection
EndGlobal
